
Microsoft Visual Studio Solution File, Format Version 12.00
# Visual Studio Version 17
VisualStudioVersion = 17.5.33516.290
MinimumVisualStudioVersion = 10.0.40219.1
Project("{FAE04EC0-301F-11D3-BF4B-00C04F79EFBC}") = "HelloEF", "HelloEF.csproj", "{08B97353-2D61-4ED4-A61F-23C2EC1218A7}"
EndProject
Global
	GlobalSection(SolutionConfigurationPlatforms) = preSolution
		Debug|Any CPU = Debug|Any CPU
		Release|Any CPU = Release|Any CPU
	EndGlobalSection
	GlobalSection(ProjectConfigurationPlatforms) = postSolution
		{08B97353-2D61-4ED4-A61F-23C2EC1218A7}.Debug|Any CPU.ActiveCfg = Debug|Any CPU
		{08B97353-2D61-4ED4-A61F-23C2EC1218A7}.Debug|Any CPU.Build.0 = Debug|Any CPU
		{08B97353-2D61-4ED4-A61F-23C2EC1218A7}.Release|Any CPU.ActiveCfg = Release|Any CPU
		{08B97353-2D61-4ED4-A61F-23C2EC1218A7}.Release|Any CPU.Build.0 = Release|Any CPU
	EndGlobalSection
	GlobalSection(SolutionProperties) = preSolution
		HideSolutionNode = FALSE
	EndGlobalSection
	GlobalSection(ExtensibilityGlobals) = postSolution
		SolutionGuid = {725CD194-5415-4EEB-9F8F-4110B59CC3CD}
	EndGlobalSection
EndGlobal
